github.com/tinywasm/fmt v0.24.6 h1:hdj/49rp3Vr/Ub+ICUb3BbEwo0R4a+8/8nJPnRPsEVQ=
github.com/tinywasm/fmt v0.24.6/go.mod h1:L2GCAi6asgytPV6TVvGrRq5Ml+DkUt1Ijo5i/2J1jOY=
github.com/tinywasm/orm v0.9.18 h1:vCmR6MzFpeztuht5cKdSm4XOd1rA7hWC/Wv34aEqW/c=
github.com/tinywasm/orm v0.9.18/go.mod h1:0rH7qp+bpl2FbsfdptAs1Sk8Ca2bvIhlrtszikiJiHM=
