github.com/tinywasm/fmt v0.25.0 h1:cF9R0GsMKQbsZclSjIh8A5RBsoULrpzAV1IAz9U2DJU=
github.com/tinywasm/fmt v0.25.0/go.mod h1:L2GCAi6asgytPV6TVvGrRq5Ml+DkUt1Ijo5i/2J1jOY=
github.com/tinywasm/model v0.0.5 h1:wbmKeOHAp71UNGevuCJTgYLWdIf94oo+RYpKL2kQc2k=
github.com/tinywasm/model v0.0.5/go.mod h1:X+zb1GzaP9gLXEFVi+GSmZ4H9+W0UQnN2K9KcxE7vTE=
