github.com/tinywasm/fmt v0.25.1 h1:Ummug+ZSoxHjnlV4kx2+dFR0w+1YftWbKuWyg0EpFtw=
github.com/tinywasm/fmt v0.25.1/go.mod h1:L2GCAi6asgytPV6TVvGrRq5Ml+DkUt1Ijo5i/2J1jOY=
github.com/tinywasm/model v0.0.6 h1:Zh/JvRiBSDOTLLiHmnTXKfxyUrObKGQHNX+gdGyfV4U=
github.com/tinywasm/model v0.0.6/go.mod h1:af3eNGmQA/BMVjMqMUXVgL0B8+NMTwlc6h7TpdEggTo=
